
Microsoft Visual Studio Solution File, Format Version 12.00
# Visual Studio Version 16
VisualStudioVersion = 16.0.29025.244
MinimumVisualStudioVersion = 10.0.40219.1
Project("{9A19103F-16F7-4668-BE54-9A1E7A4F7556}") = "WebApi", "src\WebApi\WebApi.csproj", "{BE735E5D-2BFB-4E32-83FE-E5D27779036A}"
EndProject
Project("{9A19103F-16F7-4668-BE54-9A1E7A4F7556}") = "Domain", "src\Domain\Domain.csproj", "{9ABF9CD6-6E75-462C-B7DD-B92FAF3DF5A8}"
EndProject
Project("{9A19103F-16F7-4668-BE54-9A1E7A4F7556}") = "Application", "src\Application\Application.csproj", "{DAF68277-92A1-47EF-AFA2-F25AA7EBC90D}"
EndProject
Project("{9A19103F-16F7-4668-BE54-9A1E7A4F7556}") = "Common", "src\Common\Common.csproj", "{0F5FDEEE-6297-43AC-A0EA-855B5A13C91F}"
EndProject
Project("{2150E333-8FDC-42A3-9474-1A3956D46DE8}") = "Solution Items", "Solution Items", "{2B727BA5-95D9-4895-AB12-EC7677ED81A0}"
	ProjectSection(SolutionItems) = preProject
		.gitattributes = .gitattributes
		.gitignore = .gitignore
	EndProjectSection
EndProject
Project("{2150E333-8FDC-42A3-9474-1A3956D46DE8}") = "src", "src", "{A26214CA-15C8-4251-ADE0-62A3BEE7E346}"
EndProject
Project("{2150E333-8FDC-42A3-9474-1A3956D46DE8}") = "tests", "tests", "{1C1A3760-0F11-464D-ACB4-3DB093341191}"
EndProject
Project("{9A19103F-16F7-4668-BE54-9A1E7A4F7556}") = "Domain.Tests", "tests\Domain.Tests\Domain.Tests.csproj", "{3CA94AC6-F0F5-4151-9126-11016B2A5EA2}"
EndProject
Project("{9A19103F-16F7-4668-BE54-9A1E7A4F7556}") = "DataAccess.MsSql", "src\DataAccess.MsSql\DataAccess.MsSql.csproj", "{18B7F779-84FC-46D2-9476-C4DB8F716FFA}"
EndProject
Project("{9A19103F-16F7-4668-BE54-9A1E7A4F7556}") = "DataAccess.MsSql.Database", "src\DataAccess.MsSql.Database\DataAccess.MsSql.Database.csproj", "{F91467AE-4386-445D-ADF6-765560FE738F}"
EndProject
Project("{9A19103F-16F7-4668-BE54-9A1E7A4F7556}") = "Application.Tests", "tests\Application.Tests\Application.Tests.csproj", "{1D8CE7F1-9AF6-400A-8A65-EBAD29843F2B}"
EndProject
Project("{9A19103F-16F7-4668-BE54-9A1E7A4F7556}") = "DataAccess.MsSql.Tests", "tests\DataAccess.MsSql.Tests\DataAccess.MsSql.Tests.csproj", "{2DE2E83F-7CF6-45A9-B658-AB8044599099}"
EndProject
Project("{9A19103F-16F7-4668-BE54-9A1E7A4F7556}") = "WebApi.Tests", "tests\WebApi.Tests\WebApi.Tests.csproj", "{3DFA15DB-6D7C-439F-B396-1B4F3EA1351D}"
EndProject
Project("{2150E333-8FDC-42A3-9474-1A3956D46DE8}") = "01. Web", "01. Web", "{280233BF-4EBC-496A-B858-D8DFBAF2589F}"
EndProject
Project("{2150E333-8FDC-42A3-9474-1A3956D46DE8}") = "02. Application", "02. Application", "{D6089C15-2643-4089-AFD4-E8196196BEC2}"
EndProject
Project("{2150E333-8FDC-42A3-9474-1A3956D46DE8}") = "03. Infrastructure", "03. Infrastructure", "{A356A3E0-3175-4FE9-A7D9-D5ED108B06CE}"
EndProject
Project("{2150E333-8FDC-42A3-9474-1A3956D46DE8}") = "04. Domain", "04. Domain", "{F5A08D65-5775-4E39-960F-CF947B75E5B6}"
EndProject
Project("{2150E333-8FDC-42A3-9474-1A3956D46DE8}") = "05. Common", "05. Common", "{6F6343D5-071A-4009-BC44-6D2D11C9C79F}"
EndProject
Project("{FAE04EC0-301F-11D3-BF4B-00C04F79EFBC}") = "Infrastructure", "src\Infrastructure\Infrastructure.csproj", "{06A0CFEC-F6FE-49D4-BC70-0457CB80C37B}"
EndProject
Global
	GlobalSection(SolutionConfigurationPlatforms) = preSolution
		Debug|Any CPU = Debug|Any CPU
		Release|Any CPU = Release|Any CPU
	EndGlobalSection
	GlobalSection(ProjectConfigurationPlatforms) = postSolution
		{BE735E5D-2BFB-4E32-83FE-E5D27779036A}.Debug|Any CPU.ActiveCfg = Debug|Any CPU
		{BE735E5D-2BFB-4E32-83FE-E5D27779036A}.Debug|Any CPU.Build.0 = Debug|Any CPU
		{BE735E5D-2BFB-4E32-83FE-E5D27779036A}.Release|Any CPU.ActiveCfg = Release|Any CPU
		{BE735E5D-2BFB-4E32-83FE-E5D27779036A}.Release|Any CPU.Build.0 = Release|Any CPU
		{9ABF9CD6-6E75-462C-B7DD-B92FAF3DF5A8}.Debug|Any CPU.ActiveCfg = Debug|Any CPU
		{9ABF9CD6-6E75-462C-B7DD-B92FAF3DF5A8}.Debug|Any CPU.Build.0 = Debug|Any CPU
		{9ABF9CD6-6E75-462C-B7DD-B92FAF3DF5A8}.Release|Any CPU.ActiveCfg = Release|Any CPU
		{9ABF9CD6-6E75-462C-B7DD-B92FAF3DF5A8}.Release|Any CPU.Build.0 = Release|Any CPU
		{DAF68277-92A1-47EF-AFA2-F25AA7EBC90D}.Debug|Any CPU.ActiveCfg = Debug|Any CPU
		{DAF68277-92A1-47EF-AFA2-F25AA7EBC90D}.Debug|Any CPU.Build.0 = Debug|Any CPU
		{DAF68277-92A1-47EF-AFA2-F25AA7EBC90D}.Release|Any CPU.ActiveCfg = Release|Any CPU
		{DAF68277-92A1-47EF-AFA2-F25AA7EBC90D}.Release|Any CPU.Build.0 = Release|Any CPU
		{0F5FDEEE-6297-43AC-A0EA-855B5A13C91F}.Debug|Any CPU.ActiveCfg = Debug|Any CPU
		{0F5FDEEE-6297-43AC-A0EA-855B5A13C91F}.Debug|Any CPU.Build.0 = Debug|Any CPU
		{0F5FDEEE-6297-43AC-A0EA-855B5A13C91F}.Release|Any CPU.ActiveCfg = Release|Any CPU
		{0F5FDEEE-6297-43AC-A0EA-855B5A13C91F}.Release|Any CPU.Build.0 = Release|Any CPU
		{3CA94AC6-F0F5-4151-9126-11016B2A5EA2}.Debug|Any CPU.ActiveCfg = Debug|Any CPU
		{3CA94AC6-F0F5-4151-9126-11016B2A5EA2}.Debug|Any CPU.Build.0 = Debug|Any CPU
		{3CA94AC6-F0F5-4151-9126-11016B2A5EA2}.Release|Any CPU.ActiveCfg = Release|Any CPU
		{3CA94AC6-F0F5-4151-9126-11016B2A5EA2}.Release|Any CPU.Build.0 = Release|Any CPU
		{18B7F779-84FC-46D2-9476-C4DB8F716FFA}.Debug|Any CPU.ActiveCfg = Debug|Any CPU
		{18B7F779-84FC-46D2-9476-C4DB8F716FFA}.Debug|Any CPU.Build.0 = Debug|Any CPU
		{18B7F779-84FC-46D2-9476-C4DB8F716FFA}.Release|Any CPU.ActiveCfg = Release|Any CPU
		{18B7F779-84FC-46D2-9476-C4DB8F716FFA}.Release|Any CPU.Build.0 = Release|Any CPU
		{F91467AE-4386-445D-ADF6-765560FE738F}.Debug|Any CPU.ActiveCfg = Debug|Any CPU
		{F91467AE-4386-445D-ADF6-765560FE738F}.Debug|Any CPU.Build.0 = Debug|Any CPU
		{F91467AE-4386-445D-ADF6-765560FE738F}.Release|Any CPU.ActiveCfg = Release|Any CPU
		{F91467AE-4386-445D-ADF6-765560FE738F}.Release|Any CPU.Build.0 = Release|Any CPU
		{1D8CE7F1-9AF6-400A-8A65-EBAD29843F2B}.Debug|Any CPU.ActiveCfg = Debug|Any CPU
		{1D8CE7F1-9AF6-400A-8A65-EBAD29843F2B}.Debug|Any CPU.Build.0 = Debug|Any CPU
		{1D8CE7F1-9AF6-400A-8A65-EBAD29843F2B}.Release|Any CPU.ActiveCfg = Release|Any CPU
		{1D8CE7F1-9AF6-400A-8A65-EBAD29843F2B}.Release|Any CPU.Build.0 = Release|Any CPU
		{2DE2E83F-7CF6-45A9-B658-AB8044599099}.Debug|Any CPU.ActiveCfg = Debug|Any CPU
		{2DE2E83F-7CF6-45A9-B658-AB8044599099}.Debug|Any CPU.Build.0 = Debug|Any CPU
		{2DE2E83F-7CF6-45A9-B658-AB8044599099}.Release|Any CPU.ActiveCfg = Release|Any CPU
		{2DE2E83F-7CF6-45A9-B658-AB8044599099}.Release|Any CPU.Build.0 = Release|Any CPU
		{3DFA15DB-6D7C-439F-B396-1B4F3EA1351D}.Debug|Any CPU.ActiveCfg = Debug|Any CPU
		{3DFA15DB-6D7C-439F-B396-1B4F3EA1351D}.Debug|Any CPU.Build.0 = Debug|Any CPU
		{3DFA15DB-6D7C-439F-B396-1B4F3EA1351D}.Release|Any CPU.ActiveCfg = Release|Any CPU
		{3DFA15DB-6D7C-439F-B396-1B4F3EA1351D}.Release|Any CPU.Build.0 = Release|Any CPU
		{06A0CFEC-F6FE-49D4-BC70-0457CB80C37B}.Debug|Any CPU.ActiveCfg = Debug|Any CPU
		{06A0CFEC-F6FE-49D4-BC70-0457CB80C37B}.Debug|Any CPU.Build.0 = Debug|Any CPU
		{06A0CFEC-F6FE-49D4-BC70-0457CB80C37B}.Release|Any CPU.ActiveCfg = Release|Any CPU
		{06A0CFEC-F6FE-49D4-BC70-0457CB80C37B}.Release|Any CPU.Build.0 = Release|Any CPU
	EndGlobalSection
	GlobalSection(SolutionProperties) = preSolution
		HideSolutionNode = FALSE
	EndGlobalSection
	GlobalSection(NestedProjects) = preSolution
		{BE735E5D-2BFB-4E32-83FE-E5D27779036A} = {280233BF-4EBC-496A-B858-D8DFBAF2589F}
		{9ABF9CD6-6E75-462C-B7DD-B92FAF3DF5A8} = {F5A08D65-5775-4E39-960F-CF947B75E5B6}
		{DAF68277-92A1-47EF-AFA2-F25AA7EBC90D} = {D6089C15-2643-4089-AFD4-E8196196BEC2}
		{0F5FDEEE-6297-43AC-A0EA-855B5A13C91F} = {6F6343D5-071A-4009-BC44-6D2D11C9C79F}
		{3CA94AC6-F0F5-4151-9126-11016B2A5EA2} = {1C1A3760-0F11-464D-ACB4-3DB093341191}
		{18B7F779-84FC-46D2-9476-C4DB8F716FFA} = {A356A3E0-3175-4FE9-A7D9-D5ED108B06CE}
		{F91467AE-4386-445D-ADF6-765560FE738F} = {A356A3E0-3175-4FE9-A7D9-D5ED108B06CE}
		{1D8CE7F1-9AF6-400A-8A65-EBAD29843F2B} = {1C1A3760-0F11-464D-ACB4-3DB093341191}
		{2DE2E83F-7CF6-45A9-B658-AB8044599099} = {1C1A3760-0F11-464D-ACB4-3DB093341191}
		{3DFA15DB-6D7C-439F-B396-1B4F3EA1351D} = {1C1A3760-0F11-464D-ACB4-3DB093341191}
		{280233BF-4EBC-496A-B858-D8DFBAF2589F} = {A26214CA-15C8-4251-ADE0-62A3BEE7E346}
		{D6089C15-2643-4089-AFD4-E8196196BEC2} = {A26214CA-15C8-4251-ADE0-62A3BEE7E346}
		{A356A3E0-3175-4FE9-A7D9-D5ED108B06CE} = {A26214CA-15C8-4251-ADE0-62A3BEE7E346}
		{F5A08D65-5775-4E39-960F-CF947B75E5B6} = {A26214CA-15C8-4251-ADE0-62A3BEE7E346}
		{6F6343D5-071A-4009-BC44-6D2D11C9C79F} = {A26214CA-15C8-4251-ADE0-62A3BEE7E346}
		{06A0CFEC-F6FE-49D4-BC70-0457CB80C37B} = {A356A3E0-3175-4FE9-A7D9-D5ED108B06CE}
	EndGlobalSection
	GlobalSection(ExtensibilityGlobals) = postSolution
		SolutionGuid = {70A210A3-F949-44DC-9F2E-E7154FC0E448}
	EndGlobalSection
EndGlobal
